
Microsoft Visual Studio Solution File, Format Version 12.00
# Visual Studio Version 16
VisualStudioVersion = 16.0.29009.5
MinimumVisualStudioVersion = 10.0.40219.1
Project("{8BC9CEB8-8B4A-11D0-8D11-00A0C91BC942}") = "src", "src\src.vcxproj", "{C5F80730-F44F-4478-BDAE-6634EFC2CA88}"
EndProject
Project("{8BC9CEB8-8B4A-11D0-8D11-00A0C91BC942}") = "MySQL_Connector_Arduino", "..\..\..\..\..\Program Files (x86)\Arduino\libraries\MySQL_Connector_Arduino\MySQL_Connector_Arduino.vcxitems", "{D8A0AB18-4734-4337-B488-E0F1F0E95EFD}"
EndProject
Project("{8BC9CEB8-8B4A-11D0-8D11-00A0C91BC942}") = "pubsubclient", "..\..\..\..\..\Program Files (x86)\Arduino\libraries\pubsubclient\pubsubclient.vcxitems", "{CA135A0D-800E-4B2E-839B-4635444C932D}"
EndProject
Global
	GlobalSection(SharedMSBuildProjectFiles) = preSolution
		..\..\..\..\..\Program Files (x86)\Arduino\libraries\MySQL_Connector_Arduino\MySQL_Connector_Arduino.vcxitems*{c5f80730-f44f-4478-bdae-6634efc2ca88}*SharedItemsImports = 4
		..\..\..\..\..\Program Files (x86)\Arduino\libraries\pubsubclient\pubsubclient.vcxitems*{c5f80730-f44f-4478-bdae-6634efc2ca88}*SharedItemsImports = 4
		..\..\..\..\..\Program Files (x86)\Arduino\libraries\pubsubclient\pubsubclient.vcxitems*{ca135a0d-800e-4b2e-839b-4635444c932d}*SharedItemsImports = 9
		..\..\..\..\..\Program Files (x86)\Arduino\libraries\MySQL_Connector_Arduino\MySQL_Connector_Arduino.vcxitems*{d8a0ab18-4734-4337-b488-e0f1f0e95efd}*SharedItemsImports = 9
	EndGlobalSection
	GlobalSection(SolutionConfigurationPlatforms) = preSolution
		Debug|x86 = Debug|x86
		Release|x86 = Release|x86
	EndGlobalSection
	GlobalSection(ProjectConfigurationPlatforms) = postSolution
		{C5F80730-F44F-4478-BDAE-6634EFC2CA88}.Debug|x86.ActiveCfg = Debug|Win32
		{C5F80730-F44F-4478-BDAE-6634EFC2CA88}.Debug|x86.Build.0 = Debug|Win32
		{C5F80730-F44F-4478-BDAE-6634EFC2CA88}.Release|x86.ActiveCfg = Release|Win32
		{C5F80730-F44F-4478-BDAE-6634EFC2CA88}.Release|x86.Build.0 = Release|Win32
	EndGlobalSection
	GlobalSection(SolutionProperties) = preSolution
		HideSolutionNode = FALSE
	EndGlobalSection
	GlobalSection(ExtensibilityGlobals) = postSolution
		SolutionGuid = {FAD7C17C-A9DB-43B6-9C89-E51ABDA0AEB9}
	EndGlobalSection
EndGlobal
